{
  "schema_version": 1,
  "repository": "ScoreKeeper",
  "commit": "2772d65317303acea9490ab10449a602d865b93d",
  "generated_at": "2026-08-23T16:53:10.135251+00:00",
  "source_hashes": {
    "design-explorations/mascot-rive/build-scene.mjs": "cb86345812fa6a462943b8e11ab5c0b43f1836863404fda4a44554ff473a3ba1",
    "design-explorations/mascot-rive/rive-bridge.mjs": "84e98e647646bf835c29e2e317151499f8089da317e6b06d8debf6d093f09929",
    "design-explorations/pipcount-motion-prototype-20260823/verify-prototype.mjs": "a24d978f1946358951cbb1eb069b85a910ec51936dd88b989d0c6418d0e02cc8",
    "redesign-loop/app/app.js": "a18bf2f950a8565c143b3cf5c6e42a471f848c9918222d15e862965a66f69501",
    "redesign-loop/loop.sh": "737d4e0b52a11a4b8c4721886e94dd9e169d0ed9bdd0761bffdc62b9c928b61d",
    "release/app-store-screenshots/next.config.mjs": "729be5dc618aca1c3e0f90c139d06ed8a80e67e6f3faeb12f587ded29eec9168",
    "release/app-store-screenshots/postcss.config.mjs": "e32657baf631d7c5f4dc67b4b2ee0ec8e7d5b3c41860e09cddce7c0377cd80bc",
    "release/app-store-screenshots/src/app/api/project/route.ts": "5c122c1f1e5d95cd7d05b461f224dbd7b2adcb4b2350a87f7fee048d726533a1",
    "release/app-store-screenshots/src/app/api/upload/route.ts": "f45150218c58483c6822dac7608bd59b0a7bfe1bbe9e48292609fa3cf8443f22",
    "release/app-store-screenshots/src/app/layout.tsx": "7fe9586871c586e7c70afb83955b85b45ac343392c06bba173b0fb2d583cc1f3",
    "release/app-store-screenshots/src/app/page.tsx": "035c674e50331f76d00f6ced144fb9f38d8905a417eea360d4fd9d0c93419075",
    "release/app-store-screenshots/src/components/editor/device-frames.tsx": "59b0dcba408db6b0a843b3f0c4af031e3f07ba3e8b6113984d6c91d07e12e68f",
    "release/app-store-screenshots/src/components/editor/inspector.tsx": "3db6208073b6e972b321da1aee0e3adbfaef1854af2cddae82fe9f0fed861719",
    "release/app-store-screenshots/src/components/editor/preview-stage.tsx": "4da66239ee1ad57db28062cd1c59754800afd10a132f821383518745c563aed9",
    "release/app-store-screenshots/src/components/editor/screenshot-editor.tsx": "7d01376df43442ac0f7739b5f44f8988dbd5d980da288013f9877af662ae53fa",
    "release/app-store-screenshots/src/components/editor/screenshot-picker.tsx": "143e22e2a5c5fc99ca000ff8aeafffe90387f8ef8f75c6ccf0b88a34e6734f0b",
    "release/app-store-screenshots/src/components/editor/sidebar.tsx": "59ee3fde83c78c349caadc6c42462fe300efb10a3574bd58e98f5434fa293002",
    "release/app-store-screenshots/src/components/editor/slide-canvas.tsx": "314e52a765952463765a15af5467c72896a4e2202f92013993f71483dad98178",
    "release/app-store-screenshots/src/components/editor/slide-thumb.tsx": "3c36a6331c7fb41f4c7f16f129b34131f360fc7f17911f8e7553c124af5356af",
    "release/app-store-screenshots/src/components/editor/toolbar.tsx": "d23ed394ed75f9b30066415f54a132ef3087e063816382b31e635e70f85ee9b6",
    "release/app-store-screenshots/src/components/ui/button.tsx": "3d1103d56fba6d97cb7af5aa99e84774c70799c7b98772b48450fc0f79e3223d",
    "release/app-store-screenshots/src/components/ui/card.tsx": "e9fc316429935c4c2382b17a62db87f5b6bc017547fb9637eab543264d8c0df9",
    "release/app-store-screenshots/src/components/ui/dialog.tsx": "7222f71903504a6ab9fa0af17b7a7acad9d49facf0924fa5392ed4b3da704430",
    "release/app-store-screenshots/src/components/ui/dropdown-menu.tsx": "736f6a7de66326ebd533cd911a9e35b7bb421f72eff2d055fb931ff35832df08",
    "release/app-store-screenshots/src/components/ui/input.tsx": "bd7f2f275b7f182fdd7d9c9b93251ea27a3c0c6eba5b7b9ebc44f290edb8de0e",
    "release/app-store-screenshots/src/components/ui/label.tsx": "447fb6b766268d2c271dd5fe2fabc56559ad2084b48c228f134aff884a26234b",
    "release/app-store-screenshots/src/components/ui/select.tsx": "e53509bc52489303b4d0b1b85369507042914d1f05391a0c293e17987cabb097",
    "release/app-store-screenshots/src/components/ui/tabs.tsx": "8841bead144a49b60f8ca70e99dee72b537aad45ad008e4b49b56388397ce9ac",
    "release/app-store-screenshots/src/components/ui/textarea.tsx": "515795d8b548d212e519a26b65f6c570b756c830ee833831fc14127c0ea25a5e",
    "release/app-store-screenshots/src/components/ui/tooltip.tsx": "ddf757ef5b40142b57172c56071cb42855efc7aaf7769718b1f4c9025408d3ff",
    "release/app-store-screenshots/src/lib/constants.ts": "1042964ebc1f56e65c216961d199104e93c71a3b22bc8e92ac2007302b5c3be4",
    "release/app-store-screenshots/src/lib/defaults.ts": "85bfb932a3ef977c7873ec25ada34713a78d3f8aca52ed89178160011b304f4d",
    "release/app-store-screenshots/src/lib/elements.ts": "c23a1940311eba117c154a73835f5a1831b50d15113f8c991a2e1ffd5acf4e11",
    "release/app-store-screenshots/src/lib/image-cache.ts": "8d52af25f6bc3969218d14c4ca0f8d1f9359adad098d0f29a13baa39189128e8",
    "release/app-store-screenshots/src/lib/locale.ts": "6c564a18c180aadae6c4a08ccdd0e58c529dbd51b73d7deee0b8beb1518c314a",
    "release/app-store-screenshots/src/lib/storage.ts": "9845f58f1094b94e0f28ba9e4b8368e008ac0a99630d0f45b40a0ec45afb12c3",
    "release/app-store-screenshots/src/lib/types.ts": "dfb9e23ed773f60fe148e4561a12121788fe043dc2c90e2b544cc16c0b11f2ae",
    "release/app-store-screenshots/src/lib/utils.ts": "d1f1e0d62cb8d8d1e04c26e14de842d8a151f75812d81b046c65b5d1fe8e4b27",
    "release/app-store-screenshots/tailwind.config.ts": "66df7dd0bb686a0cb700425f5b3093777cec7efeec8806b5a133bcbf4a20e9d8",
    "ScoreKeeper/App/ContentView.swift": "6c7111c6b6ad5775f16eff9f233fa990154f5c715414663c2dece9b7c0140138",
    "ScoreKeeper/App/ScoreKeeperApp.swift": "fcf4e61a5a8678943d38197e1a26cdc79f78b05faecc03a680bbe24df04a3383",
    "ScoreKeeper/Engines/GameEngine.swift": "ae4363fa32a702065f63849b191ad51d789dfbf7454441da2ce444c7d0491440",
    "ScoreKeeper/Engines/GenericEngine.swift": "a9098e23da8b7b297ed5157b66d0e391ea88303d398404e82fe3df219aa6d239",
    "ScoreKeeper/Engines/Phase10Engine.swift": "2625ba4ac33973082fd083895843713d7638441e608814763482ab941f7fd5f1",
    "ScoreKeeper/Engines/WhatsForDinnerEngine.swift": "47578f60377b8ab79a4d10bd089ff65ac8a099cd1d6f2523642593f30cc3ea14",
    "ScoreKeeper/Models/GameSession.swift": "4ef8d650819325acaab8558e04ba96f24d4e9039cf6cc09cf5d3d97624553ce0",
    "ScoreKeeper/Models/GameType.swift": "9cd7315c18fad4c290740bec854cb8c37d8e7449cfcbb230eba1e1d1750b063f",
    "ScoreKeeper/Models/Player.swift": "09b72943814240a4c61cf2b7ffec2d99107e57149f176093c376909f7c3cd2a8",
    "ScoreKeeper/Models/PlayerStats.swift": "7eae4f658076388dfc184b7035a7721fb5d6aae40dd3b19320fc61dbec7cb86a",
    "ScoreKeeper/Models/Round.swift": "5509becd8c5aa7f9959f50b0813b89824e0aa07298ef53e5021f7f848260392e",
    "ScoreKeeper/Models/SavedPlayer.swift": "ad94fa340c8c50c70f926496d8b88316b484d7537c33523468d779503f34561f",
    "ScoreKeeper/Models/ScoreEntry.swift": "83fcdc45e31545bc74f8b90fba2c8c3c969aa40dc0f38ac35c34f5e63d5d5921",
    "ScoreKeeper/Preview Content/PreviewSampleData.swift": "d6bf4cc085f3f0c3506a238abe5ec6ef0b52a0931654d85583cbcb3d2ba9512d",
    "ScoreKeeper/Services/GameAllowanceStorage.swift": "256f88fa25653a31b639cbd900d43d1a6d1fb50aed9b99014c08f374111bb9ee",
    "ScoreKeeper/Services/ReviewAskManager.swift": "32d1ce75c3742bd63d89ab5871096cd4eae2e81ed42a37869d29ca6012e5ac08",
    "ScoreKeeper/Services/StatsCalculator.swift": "f2fcb10cb1c9ffd0de8ef8ecf0456a14d80bede399ec258aeec98b1bc08b3715",
    "ScoreKeeper/Services/StoreManager.swift": "068c4b5e7df607426b92cf98d6d9010f12e8f310bd268570c8cb80aa36be937b",
    "ScoreKeeper/Theme/AppFonts.swift": "7012daddb15e23d7f58c2be42ae90a774e12534d550432ea8953e38215a29f2b",
    "ScoreKeeper/Theme/AppTheme.swift": "08c61bf157525f9029d8e49b436b0d47eb2207d24555e1b870ffc37e41132fac",
    "ScoreKeeper/Theme/ClubhouseTheme.swift": "962da9b0bf442f73b8cdc3612f637aadc98c26393fa910fc2753eb6e73349bb2",
    "ScoreKeeper/Theme/PlayerColors.swift": "6e1bd2856c633419b771b78db70b8101d56a5ab65216668899bdb91975d41658",
    "ScoreKeeper/Theme/ThemeManager.swift": "e946ac83de95414b5ab95047888cd5365ad2d910bd2a7ced7c751d91ad5b7e55",
    "ScoreKeeper/Views/Components/AnimatedScoreChange.swift": "9e8baf3eccae8baa32e86e40f921d26a130ba74c23f0219a7d26edf77c2d5aa0",
    "ScoreKeeper/Views/Components/AppSurfaces.swift": "d2a84143e2b15b0617be9b20ee744aaa4ec27a43b68d1b1525c7c0bcccf264f6",
    "ScoreKeeper/Views/Components/ClubhouseComponents.swift": "f24b2d616815b3aef247059ff3005173bd9c7f4f32a3a1ff7dc7dc3f518b0f2f",
    "ScoreKeeper/Views/Components/ConfettiOverlay.swift": "0cb8df321194c4428486f1baeb41d7ad8fe1228ab598d057f095f675c70bf595",
    "ScoreKeeper/Views/Components/CupMascotView.swift": "029afd307bd0ad8102ee8a7cd04c4d69d74b2e54a755dae47d9542201af2e360",
    "ScoreKeeper/Views/Components/GameTypeTile.swift": "a3a562c703108e357dfb2d2a53ec38796ed98c21313e912c752823c0e5bc7d52",
    "ScoreKeeper/Views/Components/PlayerBadge.swift": "54c65f1e1e6a8d23b3e96dc8cbb59cfd44d15759109ba038f92408ffec45a0e2",
    "ScoreKeeper/Views/Components/PressableButtonStyle.swift": "3788a2b4d417228bdc0b64ca0aad0f5bff3b9e0d20a959aff98bcfc0b4add41d",
    "ScoreKeeper/Views/Components/RoundTracker.swift": "d65b3eec72cbcdfe1b009f64a8ccc5017cf747542ad278196b7bc139c3d90c5c",
    "ScoreKeeper/Views/Components/ScoreCard.swift": "00c273fdf11295592d29d3df9426a2eced562dcefd2b5d0c74643bb6c8a88e8d",
    "ScoreKeeper/Views/Components/ScoreEntryField.swift": "9446921abcf5ad26242ed55b170ddb44b17e25aa65b0b46c52f9a841a45de35f",
    "ScoreKeeper/Views/Components/ScoringComponents.swift": "d1006afa0abb674a124b82f191d417a38efe576ba64e04993915ff0348b61fd5",
    "ScoreKeeper/Views/Components/StandingsList.swift": "6b6bc884eb7079b1737fdba78704fc18b978b8369a0db7bc81991fedaa6c7db3",
    "ScoreKeeper/Views/Home/GameHistoryListView.swift": "672975a5c4e191898484cdf0a0e46a26ff9ee2a2cbd1a25eb744c7d6c45bad65",
    "ScoreKeeper/Views/Home/HomeView.swift": "30af54d3b69ccf80dbd3f3739d278fe3a69e51f04f032b808954cd151846619d",
    "ScoreKeeper/Views/Paywall/PaywallView.swift": "09806c15016c920ded4fa41afc2356644e3c7bfb83a291481708531f4db1347f",
    "ScoreKeeper/Views/Scoring/GenericScoringView.swift": "20a624118095ea7d374f653383ab8eaa714c20b7b7f5a7630536a73a3ad7cee7",
    "ScoreKeeper/Views/Scoring/Phase10ScoringView.swift": "ffc35bf6bad4dacb31177a400dd81b88746f924448c404410ac7a3fbe5b2e876",
    "ScoreKeeper/Views/Scoring/ScoringView.swift": "246e15902aad965954ff6c1697758d95a23fc399510015edcb203a0fa0676ec2",
    "ScoreKeeper/Views/Scoring/WhatsForDinnerScoringView.swift": "8da3189a0ce69a6bb08bdb0523f1d98df732ea962721916211b9f2008ddbebf4",
    "ScoreKeeper/Views/Settings/LegalSupportView.swift": "942316be133318475558773d0d408dcd946165f25da93b6b014782ac39d7bc2f",
    "ScoreKeeper/Views/Setup/GameConfigView.swift": "cd38b61052577cd5ab82d466d4a1ac2daf16da4689de3871fec114e66cdb67ea",
    "ScoreKeeper/Views/Setup/GamePickerView.swift": "1c90d6a2e11d7a4fe8c74f0ae7d8b427b8dc219792a69c151d4042245958662f",
    "ScoreKeeper/Views/Setup/PlayerRosterSheet.swift": "65d64c82c0574e67534f7fcfbf979b8601169cc22370d829f443c8baff7fa3fc",
    "ScoreKeeper/Views/Setup/PlayerSetupView.swift": "92287724f4b22e62743e949a2602aa4c2330007f1ec9b56a985dd873385a5330",
    "ScoreKeeper/Views/Stats/HeadToHeadView.swift": "335a5268f5989271f38f368a0969ffb02683fcb2cd0667f3a1f26eebb35722fe",
    "ScoreKeeper/Views/Stats/PlayerStatsView.swift": "0b48809414da5b529c630437bbd72161c198f898a77587b3bbc7d13940925879",
    "ScoreKeeper/Views/Summary/GameDetailView.swift": "d56b4ea834cc5bfc23be54a76c80351b12e5f9fbd8004607251154dd8937c567",
    "ScoreKeeper/Views/Summary/GameOverView.swift": "cdae1d663f0558d64e3d4d717e15af33bb48f720ce0ab3b1a99dfe49ddf3d180",
    "scripts/serve-sim.mjs": "940f31c2f77d4ebfbd5ce781b6567550c8b44139ce804b49048d211d14ef0124"
  }
}
