{
  "schema_version": 1,
  "repository": "ScoreKeeper",
  "commit": "eb985566c31ce223bfc6f1e082ca385342d77281",
  "generated_at": "2026-08-23T12:13:22.228963+00:00",
  "source_hashes": {
    "design-explorations/mascot-rive/build-scene.mjs": "cb86345812fa6a462943b8e11ab5c0b43f1836863404fda4a44554ff473a3ba1",
    "design-explorations/mascot-rive/rive-bridge.mjs": "84e98e647646bf835c29e2e317151499f8089da317e6b06d8debf6d093f09929",
    "redesign-loop/app/app.js": "a18bf2f950a8565c143b3cf5c6e42a471f848c9918222d15e862965a66f69501",
    "redesign-loop/loop.sh": "737d4e0b52a11a4b8c4721886e94dd9e169d0ed9bdd0761bffdc62b9c928b61d",
    "release/app-store-screenshots/next.config.mjs": "729be5dc618aca1c3e0f90c139d06ed8a80e67e6f3faeb12f587ded29eec9168",
    "release/app-store-screenshots/postcss.config.mjs": "e32657baf631d7c5f4dc67b4b2ee0ec8e7d5b3c41860e09cddce7c0377cd80bc",
    "release/app-store-screenshots/src/app/api/project/route.ts": "5c122c1f1e5d95cd7d05b461f224dbd7b2adcb4b2350a87f7fee048d726533a1",
    "release/app-store-screenshots/src/app/api/upload/route.ts": "f45150218c58483c6822dac7608bd59b0a7bfe1bbe9e48292609fa3cf8443f22",
    "release/app-store-screenshots/src/app/layout.tsx": "7fe9586871c586e7c70afb83955b85b45ac343392c06bba173b0fb2d583cc1f3",
    "release/app-store-screenshots/src/app/page.tsx": "035c674e50331f76d00f6ced144fb9f38d8905a417eea360d4fd9d0c93419075",
    "release/app-store-screenshots/src/components/editor/device-frames.tsx": "59b0dcba408db6b0a843b3f0c4af031e3f07ba3e8b6113984d6c91d07e12e68f",
    "release/app-store-screenshots/src/components/editor/inspector.tsx": "3db6208073b6e972b321da1aee0e3adbfaef1854af2cddae82fe9f0fed861719",
    "release/app-store-screenshots/src/components/editor/preview-stage.tsx": "4da66239ee1ad57db28062cd1c59754800afd10a132f821383518745c563aed9",
    "release/app-store-screenshots/src/components/editor/screenshot-editor.tsx": "7d01376df43442ac0f7739b5f44f8988dbd5d980da288013f9877af662ae53fa",
    "release/app-store-screenshots/src/components/editor/screenshot-picker.tsx": "143e22e2a5c5fc99ca000ff8aeafffe90387f8ef8f75c6ccf0b88a34e6734f0b",
    "release/app-store-screenshots/src/components/editor/sidebar.tsx": "59ee3fde83c78c349caadc6c42462fe300efb10a3574bd58e98f5434fa293002",
    "release/app-store-screenshots/src/components/editor/slide-canvas.tsx": "314e52a765952463765a15af5467c72896a4e2202f92013993f71483dad98178",
    "release/app-store-screenshots/src/components/editor/slide-thumb.tsx": "3c36a6331c7fb41f4c7f16f129b34131f360fc7f17911f8e7553c124af5356af",
    "release/app-store-screenshots/src/components/editor/toolbar.tsx": "d23ed394ed75f9b30066415f54a132ef3087e063816382b31e635e70f85ee9b6",
    "release/app-store-screenshots/src/components/ui/button.tsx": "3d1103d56fba6d97cb7af5aa99e84774c70799c7b98772b48450fc0f79e3223d",
    "release/app-store-screenshots/src/components/ui/card.tsx": "e9fc316429935c4c2382b17a62db87f5b6bc017547fb9637eab543264d8c0df9",
    "release/app-store-screenshots/src/components/ui/dialog.tsx": "7222f71903504a6ab9fa0af17b7a7acad9d49facf0924fa5392ed4b3da704430",
    "release/app-store-screenshots/src/components/ui/dropdown-menu.tsx": "736f6a7de66326ebd533cd911a9e35b7bb421f72eff2d055fb931ff35832df08",
    "release/app-store-screenshots/src/components/ui/input.tsx": "bd7f2f275b7f182fdd7d9c9b93251ea27a3c0c6eba5b7b9ebc44f290edb8de0e",
    "release/app-store-screenshots/src/components/ui/label.tsx": "447fb6b766268d2c271dd5fe2fabc56559ad2084b48c228f134aff884a26234b",
    "release/app-store-screenshots/src/components/ui/select.tsx": "e53509bc52489303b4d0b1b85369507042914d1f05391a0c293e17987cabb097",
    "release/app-store-screenshots/src/components/ui/tabs.tsx": "8841bead144a49b60f8ca70e99dee72b537aad45ad008e4b49b56388397ce9ac",
    "release/app-store-screenshots/src/components/ui/textarea.tsx": "515795d8b548d212e519a26b65f6c570b756c830ee833831fc14127c0ea25a5e",
    "release/app-store-screenshots/src/components/ui/tooltip.tsx": "ddf757ef5b40142b57172c56071cb42855efc7aaf7769718b1f4c9025408d3ff",
    "release/app-store-screenshots/src/lib/constants.ts": "1042964ebc1f56e65c216961d199104e93c71a3b22bc8e92ac2007302b5c3be4",
    "release/app-store-screenshots/src/lib/defaults.ts": "85bfb932a3ef977c7873ec25ada34713a78d3f8aca52ed89178160011b304f4d",
    "release/app-store-screenshots/src/lib/elements.ts": "c23a1940311eba117c154a73835f5a1831b50d15113f8c991a2e1ffd5acf4e11",
    "release/app-store-screenshots/src/lib/image-cache.ts": "8d52af25f6bc3969218d14c4ca0f8d1f9359adad098d0f29a13baa39189128e8",
    "release/app-store-screenshots/src/lib/locale.ts": "6c564a18c180aadae6c4a08ccdd0e58c529dbd51b73d7deee0b8beb1518c314a",
    "release/app-store-screenshots/src/lib/storage.ts": "9845f58f1094b94e0f28ba9e4b8368e008ac0a99630d0f45b40a0ec45afb12c3",
    "release/app-store-screenshots/src/lib/types.ts": "dfb9e23ed773f60fe148e4561a12121788fe043dc2c90e2b544cc16c0b11f2ae",
    "release/app-store-screenshots/src/lib/utils.ts": "d1f1e0d62cb8d8d1e04c26e14de842d8a151f75812d81b046c65b5d1fe8e4b27",
    "release/app-store-screenshots/tailwind.config.ts": "66df7dd0bb686a0cb700425f5b3093777cec7efeec8806b5a133bcbf4a20e9d8",
    "ScoreKeeper/App/ContentView.swift": "c1a4e9c02c5ea25fcbb878d972e1e2a3a861a5b3ddad248764d72ab32e5893ef",
    "ScoreKeeper/App/ScoreKeeperApp.swift": "fcf4e61a5a8678943d38197e1a26cdc79f78b05faecc03a680bbe24df04a3383",
    "ScoreKeeper/Engines/GameEngine.swift": "ae4363fa32a702065f63849b191ad51d789dfbf7454441da2ce444c7d0491440",
    "ScoreKeeper/Engines/GenericEngine.swift": "a9098e23da8b7b297ed5157b66d0e391ea88303d398404e82fe3df219aa6d239",
    "ScoreKeeper/Engines/Phase10Engine.swift": "2625ba4ac33973082fd083895843713d7638441e608814763482ab941f7fd5f1",
    "ScoreKeeper/Engines/WhatsForDinnerEngine.swift": "47578f60377b8ab79a4d10bd089ff65ac8a099cd1d6f2523642593f30cc3ea14",
    "ScoreKeeper/Models/GameSession.swift": "4ef8d650819325acaab8558e04ba96f24d4e9039cf6cc09cf5d3d97624553ce0",
    "ScoreKeeper/Models/GameType.swift": "9cd7315c18fad4c290740bec854cb8c37d8e7449cfcbb230eba1e1d1750b063f",
    "ScoreKeeper/Models/Player.swift": "09b72943814240a4c61cf2b7ffec2d99107e57149f176093c376909f7c3cd2a8",
    "ScoreKeeper/Models/PlayerStats.swift": "7eae4f658076388dfc184b7035a7721fb5d6aae40dd3b19320fc61dbec7cb86a",
    "ScoreKeeper/Models/Round.swift": "5509becd8c5aa7f9959f50b0813b89824e0aa07298ef53e5021f7f848260392e",
    "ScoreKeeper/Models/SavedPlayer.swift": "ad94fa340c8c50c70f926496d8b88316b484d7537c33523468d779503f34561f",
    "ScoreKeeper/Models/ScoreEntry.swift": "83fcdc45e31545bc74f8b90fba2c8c3c969aa40dc0f38ac35c34f5e63d5d5921",
    "ScoreKeeper/Preview Content/PreviewSampleData.swift": "d6bf4cc085f3f0c3506a238abe5ec6ef0b52a0931654d85583cbcb3d2ba9512d",
    "ScoreKeeper/Services/GameAllowanceStorage.swift": "256f88fa25653a31b639cbd900d43d1a6d1fb50aed9b99014c08f374111bb9ee",
    "ScoreKeeper/Services/ReviewAskManager.swift": "32d1ce75c3742bd63d89ab5871096cd4eae2e81ed42a37869d29ca6012e5ac08",
    "ScoreKeeper/Services/StatsCalculator.swift": "f2fcb10cb1c9ffd0de8ef8ecf0456a14d80bede399ec258aeec98b1bc08b3715",
    "ScoreKeeper/Services/StoreManager.swift": "068c4b5e7df607426b92cf98d6d9010f12e8f310bd268570c8cb80aa36be937b",
    "ScoreKeeper/Theme/AppFonts.swift": "c59f5c4970bac09f5ea3ff5184bdade6e11d0c2f0a94b291d5b1d14a2b539900",
    "ScoreKeeper/Theme/AppTheme.swift": "ca9040ee1d236ece820bb8cd1d1be78ee1919e47127a93838cfb02ed036901ec",
    "ScoreKeeper/Theme/ClubhouseTheme.swift": "f0dbcf306849f1cb1dceb149b06726fa9e64c61bcb7724ef2359ba44cae30930",
    "ScoreKeeper/Theme/PlayerColors.swift": "6e1bd2856c633419b771b78db70b8101d56a5ab65216668899bdb91975d41658",
    "ScoreKeeper/Theme/ThemeManager.swift": "e946ac83de95414b5ab95047888cd5365ad2d910bd2a7ced7c751d91ad5b7e55",
    "ScoreKeeper/Views/Components/AnimatedScoreChange.swift": "7514460b2f0d209a7a232d0b72bf7b4f75b362c0d31c6ff25603b95d86a8fd08",
    "ScoreKeeper/Views/Components/AppSurfaces.swift": "cb490192d6157ead00a828d769c5c84089ba9f4973564b8aad6d7a63a6d80b78",
    "ScoreKeeper/Views/Components/ClubhouseComponents.swift": "8ecefa2a6a6b1c44d662390c46574f7721296bcf05f2f4111336dd4bc377e80b",
    "ScoreKeeper/Views/Components/ConfettiOverlay.swift": "862c17b9fc9dbd863fac6cce4eb5c9d2ed20c5f8e7c658f1b312a7e1b6420672",
    "ScoreKeeper/Views/Components/CupMascotView.swift": "029afd307bd0ad8102ee8a7cd04c4d69d74b2e54a755dae47d9542201af2e360",
    "ScoreKeeper/Views/Components/GameTypeTile.swift": "b6183c98f50b04fbeb69eff082deeb6942ef5961dfc9297fd068ea5c49561f9a",
    "ScoreKeeper/Views/Components/PlayerBadge.swift": "2e5cbc1e9956c0227d18475f03ee7a9873e8c3a9588ee18010945099e6fc9440",
    "ScoreKeeper/Views/Components/PressableButtonStyle.swift": "52e633582267ded2ffcd88496864fdbe94b59bb25efae57dbf8bfea1c4b2dd56",
    "ScoreKeeper/Views/Components/RoundTracker.swift": "6084da49e4b0ba8bd74f88904353316eb31c3872c8c61641a601be31bc1d806e",
    "ScoreKeeper/Views/Components/ScoreCard.swift": "00c273fdf11295592d29d3df9426a2eced562dcefd2b5d0c74643bb6c8a88e8d",
    "ScoreKeeper/Views/Components/ScoreEntryField.swift": "9446921abcf5ad26242ed55b170ddb44b17e25aa65b0b46c52f9a841a45de35f",
    "ScoreKeeper/Views/Components/ScoringComponents.swift": "2c26c31bd59c5b3e6fafc72390325cd5ec67a6eb3a2ab2329179b39bd706bd16",
    "ScoreKeeper/Views/Components/StandingsList.swift": "6b6bc884eb7079b1737fdba78704fc18b978b8369a0db7bc81991fedaa6c7db3",
    "ScoreKeeper/Views/Home/GameHistoryListView.swift": "672975a5c4e191898484cdf0a0e46a26ff9ee2a2cbd1a25eb744c7d6c45bad65",
    "ScoreKeeper/Views/Home/HomeView.swift": "d285f231d9209b078663606ad1acec4d747300c86c4e7084cf5247e5e28d62a0",
    "ScoreKeeper/Views/Paywall/PaywallView.swift": "4fd951bb878eb26b5b43d951a5db71d8b15f53560efa6f92f07981fbca1470ac",
    "ScoreKeeper/Views/Scoring/GenericScoringView.swift": "cdd14bafe1ac850ec853fc6f712bfa208697dc0f7b6082a807efdf765afc5840",
    "ScoreKeeper/Views/Scoring/Phase10ScoringView.swift": "be4ef4424424d0b3cc66ed5b324d3de2bae9ef11d069f404e20ddb1eba61fb8c",
    "ScoreKeeper/Views/Scoring/ScoringView.swift": "79bf72665585cfcc19cfca079a488022661b1d2c69c53f23f12fc6d61b911e4c",
    "ScoreKeeper/Views/Scoring/WhatsForDinnerScoringView.swift": "629234d6ad01490228066b8f8b795e5b29fbdd060856c8317a87353f96ab2f3b",
    "ScoreKeeper/Views/Settings/LegalSupportView.swift": "942316be133318475558773d0d408dcd946165f25da93b6b014782ac39d7bc2f",
    "ScoreKeeper/Views/Setup/GameConfigView.swift": "c9674be07b159796eb199963ef5d2cd8e68bdaf50dd57c7d83515ad861007ee5",
    "ScoreKeeper/Views/Setup/GamePickerView.swift": "9e535fbc070e026c72476ed2eebe970cd75c72fce4bc4d0d01bb9650fa192aeb",
    "ScoreKeeper/Views/Setup/PlayerRosterSheet.swift": "55ed21aa7c5e8aeab2dd16599e3241ae7a105a51ac19f56a43191bcca6a3f3e4",
    "ScoreKeeper/Views/Setup/PlayerSetupView.swift": "3724178e977f2c88400eb35dde20d81b7b54a0a243673919c2c99430f725f666",
    "ScoreKeeper/Views/Stats/HeadToHeadView.swift": "7b621377c2a3a10da07f8bad949d4b51649f2bfefb53b3be3e19356a46890320",
    "ScoreKeeper/Views/Stats/PlayerStatsView.swift": "0b48809414da5b529c630437bbd72161c198f898a77587b3bbc7d13940925879",
    "ScoreKeeper/Views/Summary/GameDetailView.swift": "7747f6d324d0d5d503f596e456e140c7b532f79ea512bc12ef8d2281efe20d5d",
    "ScoreKeeper/Views/Summary/GameOverView.swift": "e6a9dc5caaa72fc1cc1bc828ef10194434c71c0d1e8d02e8437faab7cd9fd465",
    "scripts/serve-sim.mjs": "940f31c2f77d4ebfbd5ce781b6567550c8b44139ce804b49048d211d14ef0124"
  }
}
