{
  "name": "scorekeeper-ios",
  "version": "0.0.0",
  "lockfileVersion": 3,
  "requires": true,
  "packages": {
    "": {
      "name": "scorekeeper-ios",
      "version": "0.0.0",
      "devDependencies": {
        "serve-sim": "^0.1.10"
      },
      "engines": {
        "node": ">=18"
      }
    },
    "node_modules/serve-sim": {
      "version": "0.1.10",
      "resolved": "https://registry.npmjs.org/serve-sim/-/serve-sim-0.1.10.tgz",
      "integrity": "sha512-DrGQOY7b3fqC9r2SXqp/IfrrM0YvEvnqkQ91BIizIDqr4NFdHUmZHjRVZR0GHeiMqnHgBSkkGPF/qVM0zEcrng==",
      "dev": true,
      "license": "Apache-2.0",
      "bin": {
        "serve-sim": "dist/serve-sim.js"
      },
      "engines": {
        "node": ">=18"
      }
    }
  }
}
