// !$*UTF8*$!
{
	archiveVersion = 1;
	classes = {
	};
	objectVersion = 77;
	objects = {

/* Begin PBXBuildFile section */
		AA0000000000000000000201 /* ScoreKeeperApp.swift in Sources */ = {isa = PBXBuildFile; fileRef = AA0000000000000000000101 /* ScoreKeeperApp.swift */; };
		AA0000000000000000000202 /* ContentView.swift in Sources */ = {isa = PBXBuildFile; fileRef = AA0000000000000000000102 /* ContentView.swift */; };
		AA0000000000000000000203 /* GameType.swift in Sources */ = {isa = PBXBuildFile; fileRef = AA0000000000000000000103 /* GameType.swift */; };
		AA0000000000000000000204 /* GameSession.swift in Sources */ = {isa = PBXBuildFile; fileRef = AA0000000000000000000104 /* GameSession.swift */; };
		AA0000000000000000000205 /* Player.swift in Sources */ = {isa = PBXBuildFile; fileRef = AA0000000000000000000105 /* Player.swift */; };
		AA0000000000000000000206 /* Round.swift in Sources */ = {isa = PBXBuildFile; fileRef = AA0000000000000000000106 /* Round.swift */; };
		AA0000000000000000000207 /* ScoreEntry.swift in Sources */ = {isa = PBXBuildFile; fileRef = AA0000000000000000000107 /* ScoreEntry.swift */; };
		AA0000000000000000000208 /* GameEngine.swift in Sources */ = {isa = PBXBuildFile; fileRef = AA0000000000000000000108 /* GameEngine.swift */; };
		AA0000000000000000000209 /* GenericEngine.swift in Sources */ = {isa = PBXBuildFile; fileRef = AA0000000000000000000109 /* GenericEngine.swift */; };
		AA000000000000000000020A /* Phase10Engine.swift in Sources */ = {isa = PBXBuildFile; fileRef = AA000000000000000000010A /* Phase10Engine.swift */; };
		AA000000000000000000020B /* WhatsForDinnerEngine.swift in Sources */ = {isa = PBXBuildFile; fileRef = AA000000000000000000010B /* WhatsForDinnerEngine.swift */; };
		AA000000000000000000020C /* HomeView.swift in Sources */ = {isa = PBXBuildFile; fileRef = AA000000000000000000010C /* HomeView.swift */; };
		AA000000000000000000020D /* GameHistoryListView.swift in Sources */ = {isa = PBXBuildFile; fileRef = AA000000000000000000010D /* GameHistoryListView.swift */; };
		AA000000000000000000020E /* GamePickerView.swift in Sources */ = {isa = PBXBuildFile; fileRef = AA000000000000000000010E /* GamePickerView.swift */; };
		AA000000000000000000020F /* PlayerSetupView.swift in Sources */ = {isa = PBXBuildFile; fileRef = AA000000000000000000010F /* PlayerSetupView.swift */; };
		AA0000000000000000000210 /* GameConfigView.swift in Sources */ = {isa = PBXBuildFile; fileRef = AA0000000000000000000110 /* GameConfigView.swift */; };
		AA0000000000000000000211 /* ScoringView.swift in Sources */ = {isa = PBXBuildFile; fileRef = AA0000000000000000000111 /* ScoringView.swift */; };
		AA0000000000000000000212 /* GenericScoringView.swift in Sources */ = {isa = PBXBuildFile; fileRef = AA0000000000000000000112 /* GenericScoringView.swift */; };
		AA0000000000000000000213 /* Phase10ScoringView.swift in Sources */ = {isa = PBXBuildFile; fileRef = AA0000000000000000000113 /* Phase10ScoringView.swift */; };
		AA0000000000000000000214 /* WhatsForDinnerScoringView.swift in Sources */ = {isa = PBXBuildFile; fileRef = AA0000000000000000000114 /* WhatsForDinnerScoringView.swift */; };
		AA0000000000000000000215 /* GameOverView.swift in Sources */ = {isa = PBXBuildFile; fileRef = AA0000000000000000000115 /* GameOverView.swift */; };
		AA0000000000000000000216 /* GameDetailView.swift in Sources */ = {isa = PBXBuildFile; fileRef = AA0000000000000000000116 /* GameDetailView.swift */; };
		AA0000000000000000000217 /* PlayerBadge.swift in Sources */ = {isa = PBXBuildFile; fileRef = AA0000000000000000000117 /* PlayerBadge.swift */; };
		AA0000000000000000000218 /* ScoreCard.swift in Sources */ = {isa = PBXBuildFile; fileRef = AA0000000000000000000118 /* ScoreCard.swift */; };
		AA0000000000000000000219 /* RoundTracker.swift in Sources */ = {isa = PBXBuildFile; fileRef = AA0000000000000000000119 /* RoundTracker.swift */; };
		AA000000000000000000021A /* ScoreEntryField.swift in Sources */ = {isa = PBXBuildFile; fileRef = AA000000000000000000011A /* ScoreEntryField.swift */; };
		AA000000000000000000021B /* GameTypeTile.swift in Sources */ = {isa = PBXBuildFile; fileRef = AA000000000000000000011B /* GameTypeTile.swift */; };
		AA000000000000000000021C /* AnimatedScoreChange.swift in Sources */ = {isa = PBXBuildFile; fileRef = AA000000000000000000011C /* AnimatedScoreChange.swift */; };
		AA000000000000000000021D /* ConfettiOverlay.swift in Sources */ = {isa = PBXBuildFile; fileRef = AA000000000000000000011D /* ConfettiOverlay.swift */; };
		AA000000000000000000021E /* AppTheme.swift in Sources */ = {isa = PBXBuildFile; fileRef = AA000000000000000000011E /* AppTheme.swift */; };
		AA000000000000000000021F /* PlayerColors.swift in Sources */ = {isa = PBXBuildFile; fileRef = AA000000000000000000011F /* PlayerColors.swift */; };
		AA0000000000000000000220 /* AppFonts.swift in Sources */ = {isa = PBXBuildFile; fileRef = AA0000000000000000000120 /* AppFonts.swift */; };
		AA0000000000000000000222 /* PreviewSampleData.swift in Sources */ = {isa = PBXBuildFile; fileRef = AA0000000000000000000122 /* PreviewSampleData.swift */; };
		AA0000000000000000000223 /* Assets.xcassets in Resources */ = {isa = PBXBuildFile; fileRef = AA0000000000000000000123 /* Assets.xcassets */; };
		AA0000000000000001000303 /* ScoreKeeperUITests.swift in Sources */ = {isa = PBXBuildFile; fileRef = AA0000000000000001000301 /* ScoreKeeperUITests.swift */; };
		AA0000000000000001000304 /* ScoreKeeperUITestsLaunchTests.swift in Sources */ = {isa = PBXBuildFile; fileRef = AA0000000000000001000302 /* ScoreKeeperUITestsLaunchTests.swift */; };
		AA0000000000000001000312 /* PressableButtonStyle.swift in Sources */ = {isa = PBXBuildFile; fileRef = AA0000000000000001000313 /* PressableButtonStyle.swift */; };
		AA0000000000000001000314 /* ThemeManager.swift in Sources */ = {isa = PBXBuildFile; fileRef = AA0000000000000001000315 /* ThemeManager.swift */; };
		AA0000000000000001000317 /* SavedPlayer.swift in Sources */ = {isa = PBXBuildFile; fileRef = AA0000000000000001000316 /* SavedPlayer.swift */; };
		AA0000000000000001000319 /* PlayerRosterSheet.swift in Sources */ = {isa = PBXBuildFile; fileRef = AA0000000000000001000318 /* PlayerRosterSheet.swift */; };
		AA0000000000000001000321 /* PlayerStats.swift in Sources */ = {isa = PBXBuildFile; fileRef = AA0000000000000001000320 /* PlayerStats.swift */; };
		AA0000000000000001000323 /* StatsCalculator.swift in Sources */ = {isa = PBXBuildFile; fileRef = AA0000000000000001000322 /* StatsCalculator.swift */; };
		AA0000000000000001000325 /* PlayerStatsView.swift in Sources */ = {isa = PBXBuildFile; fileRef = AA0000000000000001000324 /* PlayerStatsView.swift */; };
		AA0000000000000001000327 /* HeadToHeadView.swift in Sources */ = {isa = PBXBuildFile; fileRef = AA0000000000000001000326 /* HeadToHeadView.swift */; };
		AA0000000000000001000330 /* AppSurfaces.swift in Sources */ = {isa = PBXBuildFile; fileRef = AA0000000000000001000333 /* AppSurfaces.swift */; };
		AA0000000000000001000331 /* ScoringComponents.swift in Sources */ = {isa = PBXBuildFile; fileRef = AA0000000000000001000334 /* ScoringComponents.swift */; };
		AA0000000000000001000332 /* StandingsList.swift in Sources */ = {isa = PBXBuildFile; fileRef = AA0000000000000001000335 /* StandingsList.swift */; };
		AA0000000000000001000336 /* PrivacyInfo.xcprivacy in Resources */ = {isa = PBXBuildFile; fileRef = AA0000000000000001000337 /* PrivacyInfo.xcprivacy */; };
		AA0000000000000001000339 /* ClubhouseTheme.swift in Sources */ = {isa = PBXBuildFile; fileRef = AA0000000000000001000338 /* ClubhouseTheme.swift */; };
		AA000000000000000100033B /* ClubhouseComponents.swift in Sources */ = {isa = PBXBuildFile; fileRef = AA000000000000000100033A /* ClubhouseComponents.swift */; };
		AA0000000000000001000341 /* StoreManager.swift in Sources */ = {isa = PBXBuildFile; fileRef = AA0000000000000001000340 /* StoreManager.swift */; };
		AA0000000000000001000343 /* ReviewAskManager.swift in Sources */ = {isa = PBXBuildFile; fileRef = AA0000000000000001000342 /* ReviewAskManager.swift */; };
		AA0000000000000001000346 /* PaywallView.swift in Sources */ = {isa = PBXBuildFile; fileRef = AA0000000000000001000345 /* PaywallView.swift */; };
		AA000000000000000100034C /* CupMascotView.swift in Sources */ = {isa = PBXBuildFile; fileRef = AA000000000000000100034B /* CupMascotView.swift */; };
		AA0000000000000001000351 /* PressStart2P-Regular.ttf in Resources */ = {isa = PBXBuildFile; fileRef = AA000000000000000100034F /* PressStart2P-Regular.ttf */; };
		AA0000000000000001000354 /* StoreManagerStoreKitTests.swift in Sources */ = {isa = PBXBuildFile; fileRef = AA0000000000000001000357 /* StoreManagerStoreKitTests.swift */; };
		AA0000000000000001000362 /* StoreManager.swift in Sources */ = {isa = PBXBuildFile; fileRef = AA0000000000000001000340 /* StoreManager.swift */; };
		AA0000000000000001000401 /* GameAllowanceStorage.swift in Sources */ = {isa = PBXBuildFile; fileRef = AA0000000000000001000406 /* GameAllowanceStorage.swift */; };
		AA0000000000000001000402 /* LegalSupportView.swift in Sources */ = {isa = PBXBuildFile; fileRef = AA0000000000000001000407 /* LegalSupportView.swift */; };
		AA0000000000000001000403 /* LegalSupportAndReviewUITests.swift in Sources */ = {isa = PBXBuildFile; fileRef = AA0000000000000001000408 /* LegalSupportAndReviewUITests.swift */; };
		AA0000000000000001000404 /* GameAllowanceStorage.swift in Sources */ = {isa = PBXBuildFile; fileRef = AA0000000000000001000406 /* GameAllowanceStorage.swift */; };
		AA000000000000000100040B /* TargetScoreEngineTests.swift in Sources */ = {isa = PBXBuildFile; fileRef = AA000000000000000100040A /* TargetScoreEngineTests.swift */; };
		AA0000000000000001000413 /* ScoreRecognizerTests.swift in Sources */ = {isa = PBXBuildFile; fileRef = AA0000000000000001000414 /* ScoreRecognizerTests.swift */; };
		AA0000000000000001000352 /* VT323-Regular.ttf in Resources */ = {isa = PBXBuildFile; fileRef = AA0000000000000001000350 /* VT323-Regular.ttf */; };
		AA0000000000000001000501 /* ScoreRecognizer.swift in Sources */ = {isa = PBXBuildFile; fileRef = AA0000000000000001000502 /* ScoreRecognizer.swift */; };
		AA0000000000000001000503 /* ScoreWritingCanvas.swift in Sources */ = {isa = PBXBuildFile; fileRef = AA0000000000000001000504 /* ScoreWritingCanvas.swift */; };
		AA0000000000000001000505 /* RoundEntryDeckView.swift in Sources */ = {isa = PBXBuildFile; fileRef = AA0000000000000001000506 /* RoundEntryDeckView.swift */; };
/* End PBXBuildFile section */

/* Begin PBXContainerItemProxy section */
		AA000000000000000100030D /* PBXContainerItemProxy */ = {
			isa = PBXContainerItemProxy;
			containerPortal = AA0000000000000000000001 /* Project object */;
			proxyType = 1;
			remoteGlobalIDString = AA0000000000000000000007;
			remoteInfo = ScoreKeeper;
		};
		AA0000000000000001000411 /* PBXContainerItemProxy */ = {
			isa = PBXContainerItemProxy;
			containerPortal = AA0000000000000000000001 /* Project object */;
			proxyType = 1;
			remoteGlobalIDString = AA0000000000000000000007;
			remoteInfo = ScoreKeeper;
		};
/* End PBXContainerItemProxy section */

/* Begin PBXFileReference section */
		AA000000000000000000000E /* ScoreKeeper.app */ = {isa = PBXFileReference; explicitFileType = wrapper.application; includeInIndex = 0; path = ScoreKeeper.app; sourceTree = BUILT_PRODUCTS_DIR; };
		AA0000000000000000000101 /* ScoreKeeperApp.swift */ = {isa = PBXFileReference; lastKnownFileType = sourcecode.swift; path = ScoreKeeperApp.swift; sourceTree = "<group>"; };
		AA0000000000000000000102 /* ContentView.swift */ = {isa = PBXFileReference; lastKnownFileType = sourcecode.swift; path = ContentView.swift; sourceTree = "<group>"; };
		AA0000000000000000000103 /* GameType.swift */ = {isa = PBXFileReference; lastKnownFileType = sourcecode.swift; path = GameType.swift; sourceTree = "<group>"; };
		AA0000000000000000000104 /* GameSession.swift */ = {isa = PBXFileReference; lastKnownFileType = sourcecode.swift; path = GameSession.swift; sourceTree = "<group>"; };
		AA0000000000000000000105 /* Player.swift */ = {isa = PBXFileReference; lastKnownFileType = sourcecode.swift; path = Player.swift; sourceTree = "<group>"; };
		AA0000000000000000000106 /* Round.swift */ = {isa = PBXFileReference; lastKnownFileType = sourcecode.swift; path = Round.swift; sourceTree = "<group>"; };
		AA0000000000000000000107 /* ScoreEntry.swift */ = {isa = PBXFileReference; lastKnownFileType = sourcecode.swift; path = ScoreEntry.swift; sourceTree = "<group>"; };
		AA0000000000000000000108 /* GameEngine.swift */ = {isa = PBXFileReference; lastKnownFileType = sourcecode.swift; path = GameEngine.swift; sourceTree = "<group>"; };
		AA0000000000000000000109 /* GenericEngine.swift */ = {isa = PBXFileReference; lastKnownFileType = sourcecode.swift; path = GenericEngine.swift; sourceTree = "<group>"; };
		AA000000000000000000010A /* Phase10Engine.swift */ = {isa = PBXFileReference; lastKnownFileType = sourcecode.swift; path = Phase10Engine.swift; sourceTree = "<group>"; };
		AA000000000000000000010B /* WhatsForDinnerEngine.swift */ = {isa = PBXFileReference; lastKnownFileType = sourcecode.swift; path = WhatsForDinnerEngine.swift; sourceTree = "<group>"; };
		AA000000000000000000010C /* HomeView.swift */ = {isa = PBXFileReference; lastKnownFileType = sourcecode.swift; path = HomeView.swift; sourceTree = "<group>"; };
		AA000000000000000000010D /* GameHistoryListView.swift */ = {isa = PBXFileReference; lastKnownFileType = sourcecode.swift; path = GameHistoryListView.swift; sourceTree = "<group>"; };
		AA000000000000000000010E /* GamePickerView.swift */ = {isa = PBXFileReference; lastKnownFileType = sourcecode.swift; path = GamePickerView.swift; sourceTree = "<group>"; };
		AA000000000000000000010F /* PlayerSetupView.swift */ = {isa = PBXFileReference; lastKnownFileType = sourcecode.swift; path = PlayerSetupView.swift; sourceTree = "<group>"; };
		AA0000000000000000000110 /* GameConfigView.swift */ = {isa = PBXFileReference; lastKnownFileType = sourcecode.swift; path = GameConfigView.swift; sourceTree = "<group>"; };
		AA0000000000000000000111 /* ScoringView.swift */ = {isa = PBXFileReference; lastKnownFileType = sourcecode.swift; path = ScoringView.swift; sourceTree = "<group>"; };
		AA0000000000000000000112 /* GenericScoringView.swift */ = {isa = PBXFileReference; lastKnownFileType = sourcecode.swift; path = GenericScoringView.swift; sourceTree = "<group>"; };
		AA0000000000000000000113 /* Phase10ScoringView.swift */ = {isa = PBXFileReference; lastKnownFileType = sourcecode.swift; path = Phase10ScoringView.swift; sourceTree = "<group>"; };
		AA0000000000000000000114 /* WhatsForDinnerScoringView.swift */ = {isa = PBXFileReference; lastKnownFileType = sourcecode.swift; path = WhatsForDinnerScoringView.swift; sourceTree = "<group>"; };
		AA0000000000000000000115 /* GameOverView.swift */ = {isa = PBXFileReference; lastKnownFileType = sourcecode.swift; path = GameOverView.swift; sourceTree = "<group>"; };
		AA0000000000000000000116 /* GameDetailView.swift */ = {isa = PBXFileReference; lastKnownFileType = sourcecode.swift; path = GameDetailView.swift; sourceTree = "<group>"; };
		AA0000000000000000000117 /* PlayerBadge.swift */ = {isa = PBXFileReference; lastKnownFileType = sourcecode.swift; path = PlayerBadge.swift; sourceTree = "<group>"; };
		AA0000000000000000000118 /* ScoreCard.swift */ = {isa = PBXFileReference; lastKnownFileType = sourcecode.swift; path = ScoreCard.swift; sourceTree = "<group>"; };
		AA0000000000000000000119 /* RoundTracker.swift */ = {isa = PBXFileReference; lastKnownFileType = sourcecode.swift; path = RoundTracker.swift; sourceTree = "<group>"; };
		AA000000000000000000011A /* ScoreEntryField.swift */ = {isa = PBXFileReference; lastKnownFileType = sourcecode.swift; path = ScoreEntryField.swift; sourceTree = "<group>"; };
		AA000000000000000000011B /* GameTypeTile.swift */ = {isa = PBXFileReference; lastKnownFileType = sourcecode.swift; path = GameTypeTile.swift; sourceTree = "<group>"; };
		AA000000000000000000011C /* AnimatedScoreChange.swift */ = {isa = PBXFileReference; lastKnownFileType = sourcecode.swift; path = AnimatedScoreChange.swift; sourceTree = "<group>"; };
		AA000000000000000000011D /* ConfettiOverlay.swift */ = {isa = PBXFileReference; lastKnownFileType = sourcecode.swift; path = ConfettiOverlay.swift; sourceTree = "<group>"; };
		AA000000000000000000011E /* AppTheme.swift */ = {isa = PBXFileReference; lastKnownFileType = sourcecode.swift; path = AppTheme.swift; sourceTree = "<group>"; };
		AA000000000000000000011F /* PlayerColors.swift */ = {isa = PBXFileReference; lastKnownFileType = sourcecode.swift; path = PlayerColors.swift; sourceTree = "<group>"; };
		AA0000000000000000000120 /* AppFonts.swift */ = {isa = PBXFileReference; lastKnownFileType = sourcecode.swift; path = AppFonts.swift; sourceTree = "<group>"; };
		AA0000000000000000000122 /* PreviewSampleData.swift */ = {isa = PBXFileReference; lastKnownFileType = sourcecode.swift; path = PreviewSampleData.swift; sourceTree = "<group>"; };
		AA0000000000000000000123 /* Assets.xcassets */ = {isa = PBXFileReference; lastKnownFileType = folder.assetcatalog; path = Assets.xcassets; sourceTree = "<group>"; };
		AA0000000000000001000301 /* ScoreKeeperUITests.swift */ = {isa = PBXFileReference; lastKnownFileType = sourcecode.swift; path = ScoreKeeperUITests.swift; sourceTree = "<group>"; };
		AA0000000000000001000302 /* ScoreKeeperUITestsLaunchTests.swift */ = {isa = PBXFileReference; lastKnownFileType = sourcecode.swift; path = ScoreKeeperUITestsLaunchTests.swift; sourceTree = "<group>"; };
		AA000000000000000100030F /* ScoreKeeperUITests.xctest */ = {isa = PBXFileReference; explicitFileType = wrapper.cfbundle; includeInIndex = 0; path = ScoreKeeperUITests.xctest; sourceTree = BUILT_PRODUCTS_DIR; };
		AA0000000000000001000313 /* PressableButtonStyle.swift */ = {isa = PBXFileReference; lastKnownFileType = sourcecode.swift; path = PressableButtonStyle.swift; sourceTree = "<group>"; };
		AA0000000000000001000315 /* ThemeManager.swift */ = {isa = PBXFileReference; lastKnownFileType = sourcecode.swift; path = ThemeManager.swift; sourceTree = "<group>"; };
		AA0000000000000001000316 /* SavedPlayer.swift */ = {isa = PBXFileReference; lastKnownFileType = sourcecode.swift; path = SavedPlayer.swift; sourceTree = "<group>"; };
		AA0000000000000001000318 /* PlayerRosterSheet.swift */ = {isa = PBXFileReference; lastKnownFileType = sourcecode.swift; path = PlayerRosterSheet.swift; sourceTree = "<group>"; };
		AA0000000000000001000320 /* PlayerStats.swift */ = {isa = PBXFileReference; lastKnownFileType = sourcecode.swift; path = PlayerStats.swift; sourceTree = "<group>"; };
		AA0000000000000001000322 /* StatsCalculator.swift */ = {isa = PBXFileReference; lastKnownFileType = sourcecode.swift; path = StatsCalculator.swift; sourceTree = "<group>"; };
		AA0000000000000001000324 /* PlayerStatsView.swift */ = {isa = PBXFileReference; lastKnownFileType = sourcecode.swift; path = PlayerStatsView.swift; sourceTree = "<group>"; };
		AA0000000000000001000326 /* HeadToHeadView.swift */ = {isa = PBXFileReference; lastKnownFileType = sourcecode.swift; path = HeadToHeadView.swift; sourceTree = "<group>"; };
		AA0000000000000001000333 /* AppSurfaces.swift */ = {isa = PBXFileReference; lastKnownFileType = sourcecode.swift; path = AppSurfaces.swift; sourceTree = "<group>"; };
		AA0000000000000001000334 /* ScoringComponents.swift */ = {isa = PBXFileReference; lastKnownFileType = sourcecode.swift; path = ScoringComponents.swift; sourceTree = "<group>"; };
		AA0000000000000001000335 /* StandingsList.swift */ = {isa = PBXFileReference; lastKnownFileType = sourcecode.swift; path = StandingsList.swift; sourceTree = "<group>"; };
		AA0000000000000001000337 /* PrivacyInfo.xcprivacy */ = {isa = PBXFileReference; lastKnownFileType = text.xml; path = PrivacyInfo.xcprivacy; sourceTree = "<group>"; };
		AA0000000000000001000338 /* ClubhouseTheme.swift */ = {isa = PBXFileReference; lastKnownFileType = sourcecode.swift; path = ClubhouseTheme.swift; sourceTree = "<group>"; };
		AA000000000000000100033A /* ClubhouseComponents.swift */ = {isa = PBXFileReference; lastKnownFileType = sourcecode.swift; path = ClubhouseComponents.swift; sourceTree = "<group>"; };
		AA0000000000000001000340 /* StoreManager.swift */ = {isa = PBXFileReference; lastKnownFileType = sourcecode.swift; path = StoreManager.swift; sourceTree = "<group>"; };
		AA0000000000000001000342 /* ReviewAskManager.swift */ = {isa = PBXFileReference; lastKnownFileType = sourcecode.swift; path = ReviewAskManager.swift; sourceTree = "<group>"; };
		AA0000000000000001000345 /* PaywallView.swift */ = {isa = PBXFileReference; lastKnownFileType = sourcecode.swift; path = PaywallView.swift; sourceTree = "<group>"; };
		AA000000000000000100034A /* ScoreKeeper.storekit */ = {isa = PBXFileReference; lastKnownFileType = text; path = ScoreKeeper.storekit; sourceTree = "<group>"; };
		AA000000000000000100034B /* CupMascotView.swift */ = {isa = PBXFileReference; lastKnownFileType = sourcecode.swift; path = CupMascotView.swift; sourceTree = "<group>"; };
		AA000000000000000100034D /* Info.plist */ = {isa = PBXFileReference; lastKnownFileType = text.plist.xml; path = Info.plist; sourceTree = "<group>"; };
		AA000000000000000100034F /* PressStart2P-Regular.ttf */ = {isa = PBXFileReference; lastKnownFileType = file; path = "PressStart2P-Regular.ttf"; sourceTree = "<group>"; };
		AA0000000000000001000350 /* VT323-Regular.ttf */ = {isa = PBXFileReference; lastKnownFileType = file; path = "VT323-Regular.ttf"; sourceTree = "<group>"; };
		AA0000000000000001000357 /* StoreManagerStoreKitTests.swift */ = {isa = PBXFileReference; lastKnownFileType = sourcecode.swift; path = StoreManagerStoreKitTests.swift; sourceTree = "<group>"; };
		AA0000000000000001000358 /* ScoreKeeperTests.xctest */ = {isa = PBXFileReference; explicitFileType = wrapper.cfbundle; includeInIndex = 0; path = ScoreKeeperTests.xctest; sourceTree = BUILT_PRODUCTS_DIR; };
		AA0000000000000001000406 /* GameAllowanceStorage.swift */ = {isa = PBXFileReference; lastKnownFileType = sourcecode.swift; path = GameAllowanceStorage.swift; sourceTree = "<group>"; };
		AA0000000000000001000407 /* LegalSupportView.swift */ = {isa = PBXFileReference; lastKnownFileType = sourcecode.swift; path = LegalSupportView.swift; sourceTree = "<group>"; };
		AA0000000000000001000408 /* LegalSupportAndReviewUITests.swift */ = {isa = PBXFileReference; lastKnownFileType = sourcecode.swift; path = LegalSupportAndReviewUITests.swift; sourceTree = "<group>"; };
		AA000000000000000100040A /* TargetScoreEngineTests.swift */ = {isa = PBXFileReference; lastKnownFileType = sourcecode.swift; path = TargetScoreEngineTests.swift; sourceTree = "<group>"; };
		AA0000000000000001000414 /* ScoreRecognizerTests.swift */ = {isa = PBXFileReference; lastKnownFileType = sourcecode.swift; path = ScoreRecognizerTests.swift; sourceTree = "<group>"; };
		AA0000000000000001000502 /* ScoreRecognizer.swift */ = {isa = PBXFileReference; lastKnownFileType = sourcecode.swift; path = ScoreRecognizer.swift; sourceTree = "<group>"; };
		AA0000000000000001000504 /* ScoreWritingCanvas.swift */ = {isa = PBXFileReference; lastKnownFileType = sourcecode.swift; path = ScoreWritingCanvas.swift; sourceTree = "<group>"; };
		AA0000000000000001000506 /* RoundEntryDeckView.swift */ = {isa = PBXFileReference; lastKnownFileType = sourcecode.swift; path = RoundEntryDeckView.swift; sourceTree = "<group>"; };
/* End PBXFileReference section */

/* Begin PBXFrameworksBuildPhase section */
		AA000000000000000000000C /* Frameworks */ = {
			isa = PBXFrameworksBuildPhase;
			buildActionMask = 2147483647;
			files = (
			);
			runOnlyForDeploymentPostprocessing = 0;
		};
		AA000000000000000100030B /* Frameworks */ = {
			isa = PBXFrameworksBuildPhase;
			buildActionMask = 2147483647;
			files = (
			);
			runOnlyForDeploymentPostprocessing = 0;
		};
		AA0000000000000001000359 /* Frameworks */ = {
			isa = PBXFrameworksBuildPhase;
			buildActionMask = 2147483647;
			files = (
			);
			runOnlyForDeploymentPostprocessing = 0;
		};
/* End PBXFrameworksBuildPhase section */

/* Begin PBXGroup section */
		AA0000000000000000000002 = {
			isa = PBXGroup;
			children = (
				AA0000000000000000000010 /* ScoreKeeper */,
				AA000000000000000100035A /* ScoreKeeperTests */,
				AA0000000000000001000305 /* ScoreKeeperUITests */,
				AA0000000000000000000003 /* Products */,
			);
			sourceTree = "<group>";
		};
		AA0000000000000000000003 /* Products */ = {
			isa = PBXGroup;
			children = (
				AA000000000000000000000E /* ScoreKeeper.app */,
				AA0000000000000001000358 /* ScoreKeeperTests.xctest */,
				AA000000000000000100030F /* ScoreKeeperUITests.xctest */,
			);
			name = Products;
			sourceTree = "<group>";
		};
		AA0000000000000000000010 /* ScoreKeeper */ = {
			isa = PBXGroup;
			children = (
				AA0000000000000000000011 /* App */,
				AA0000000000000000000012 /* Models */,
				AA0000000000000000000013 /* Engines */,
				AA0000000000000000000014 /* Views */,
				AA000000000000000000001A /* Theme */,
				AA000000000000000000001B /* Utilities */,
				AA0000000000000000000123 /* Assets.xcassets */,
				AA000000000000000100034E /* Fonts */,
				AA000000000000000100034A /* ScoreKeeper.storekit */,
				AA000000000000000100034D /* Info.plist */,
				AA0000000000000001000337 /* PrivacyInfo.xcprivacy */,
				AA000000000000000000001C /* Preview Content */,
				AA0000000000000001000328 /* Services */,
			);
			path = ScoreKeeper;
			sourceTree = "<group>";
		};
		AA0000000000000000000011 /* App */ = {
			isa = PBXGroup;
			children = (
				AA0000000000000000000101 /* ScoreKeeperApp.swift */,
				AA0000000000000000000102 /* ContentView.swift */,
			);
			path = App;
			sourceTree = "<group>";
		};
		AA0000000000000000000012 /* Models */ = {
			isa = PBXGroup;
			children = (
				AA0000000000000000000103 /* GameType.swift */,
				AA0000000000000000000104 /* GameSession.swift */,
				AA0000000000000000000105 /* Player.swift */,
				AA0000000000000000000106 /* Round.swift */,
				AA0000000000000000000107 /* ScoreEntry.swift */,
				AA0000000000000001000316 /* SavedPlayer.swift */,
				AA0000000000000001000320 /* PlayerStats.swift */,
			);
			path = Models;
			sourceTree = "<group>";
		};
		AA0000000000000000000013 /* Engines */ = {
			isa = PBXGroup;
			children = (
				AA0000000000000000000108 /* GameEngine.swift */,
				AA0000000000000000000109 /* GenericEngine.swift */,
				AA000000000000000000010A /* Phase10Engine.swift */,
				AA000000000000000000010B /* WhatsForDinnerEngine.swift */,
			);
			path = Engines;
			sourceTree = "<group>";
		};
		AA0000000000000000000014 /* Views */ = {
			isa = PBXGroup;
			children = (
				AA0000000000000000000015 /* Home */,
				AA0000000000000000000016 /* Setup */,
				AA0000000000000000000017 /* Scoring */,
				AA0000000000000000000018 /* Summary */,
				AA0000000000000000000019 /* Components */,
				AA0000000000000001000344 /* Paywall */,
				AA0000000000000001000410 /* Settings */,
				AA0000000000000001000329 /* Stats */,
			);
			path = Views;
			sourceTree = "<group>";
		};
		AA0000000000000000000015 /* Home */ = {
			isa = PBXGroup;
			children = (
				AA000000000000000000010C /* HomeView.swift */,
				AA000000000000000000010D /* GameHistoryListView.swift */,
			);
			path = Home;
			sourceTree = "<group>";
		};
		AA0000000000000000000016 /* Setup */ = {
			isa = PBXGroup;
			children = (
				AA000000000000000000010E /* GamePickerView.swift */,
				AA000000000000000000010F /* PlayerSetupView.swift */,
				AA0000000000000000000110 /* GameConfigView.swift */,
				AA0000000000000001000318 /* PlayerRosterSheet.swift */,
			);
			path = Setup;
			sourceTree = "<group>";
		};
		AA0000000000000000000017 /* Scoring */ = {
			isa = PBXGroup;
			children = (
				AA0000000000000001000506 /* RoundEntryDeckView.swift */,
				AA0000000000000000000111 /* ScoringView.swift */,
				AA0000000000000000000112 /* GenericScoringView.swift */,
				AA0000000000000000000113 /* Phase10ScoringView.swift */,
				AA0000000000000000000114 /* WhatsForDinnerScoringView.swift */,
			);
			path = Scoring;
			sourceTree = "<group>";
		};
		AA0000000000000000000018 /* Summary */ = {
			isa = PBXGroup;
			children = (
				AA0000000000000000000115 /* GameOverView.swift */,
				AA0000000000000000000116 /* GameDetailView.swift */,
			);
			path = Summary;
			sourceTree = "<group>";
		};
		AA0000000000000000000019 /* Components */ = {
			isa = PBXGroup;
			children = (
				AA0000000000000001000504 /* ScoreWritingCanvas.swift */,
				AA0000000000000000000117 /* PlayerBadge.swift */,
				AA0000000000000000000118 /* ScoreCard.swift */,
				AA0000000000000000000119 /* RoundTracker.swift */,
				AA000000000000000000011A /* ScoreEntryField.swift */,
				AA000000000000000000011B /* GameTypeTile.swift */,
				AA000000000000000000011C /* AnimatedScoreChange.swift */,
				AA000000000000000000011D /* ConfettiOverlay.swift */,
				AA0000000000000001000313 /* PressableButtonStyle.swift */,
				AA000000000000000100033A /* ClubhouseComponents.swift */,
				AA0000000000000001000333 /* AppSurfaces.swift */,
				AA0000000000000001000334 /* ScoringComponents.swift */,
				AA0000000000000001000335 /* StandingsList.swift */,
				AA000000000000000100034B /* CupMascotView.swift */,
			);
			path = Components;
			sourceTree = "<group>";
		};
		AA000000000000000000001A /* Theme */ = {
			isa = PBXGroup;
			children = (
				AA000000000000000000011E /* AppTheme.swift */,
				AA0000000000000001000338 /* ClubhouseTheme.swift */,
				AA000000000000000000011F /* PlayerColors.swift */,
				AA0000000000000000000120 /* AppFonts.swift */,
				AA0000000000000001000315 /* ThemeManager.swift */,
			);
			path = Theme;
			sourceTree = "<group>";
		};
		AA000000000000000000001B /* Utilities */ = {
			isa = PBXGroup;
			children = (
			);
			path = Utilities;
			sourceTree = "<group>";
		};
		AA000000000000000000001C /* Preview Content */ = {
			isa = PBXGroup;
			children = (
				AA0000000000000000000122 /* PreviewSampleData.swift */,
			);
			path = "Preview Content";
			sourceTree = "<group>";
		};
		AA0000000000000001000305 /* ScoreKeeperUITests */ = {
			isa = PBXGroup;
			children = (
				AA0000000000000001000301 /* ScoreKeeperUITests.swift */,
				AA0000000000000001000302 /* ScoreKeeperUITestsLaunchTests.swift */,
				AA0000000000000001000408 /* LegalSupportAndReviewUITests.swift */,
			);
			path = ScoreKeeperUITests;
			sourceTree = "<group>";
		};
		AA000000000000000100035A /* ScoreKeeperTests */ = {
			isa = PBXGroup;
			children = (
				AA0000000000000001000357 /* StoreManagerStoreKitTests.swift */,
				AA000000000000000100040A /* TargetScoreEngineTests.swift */,
				AA0000000000000001000414 /* ScoreRecognizerTests.swift */,
			);
			path = ScoreKeeperTests;
			sourceTree = "<group>";
		};
		AA0000000000000001000328 /* Services */ = {
			isa = PBXGroup;
			children = (
				AA0000000000000001000502 /* ScoreRecognizer.swift */,
				AA0000000000000001000322 /* StatsCalculator.swift */,
				AA0000000000000001000340 /* StoreManager.swift */,
				AA0000000000000001000342 /* ReviewAskManager.swift */,
				AA0000000000000001000406 /* GameAllowanceStorage.swift */,
			);
			path = Services;
			sourceTree = "<group>";
		};
		AA0000000000000001000344 /* Paywall */ = {
			isa = PBXGroup;
			children = (
				AA0000000000000001000345 /* PaywallView.swift */,
			);
			path = Paywall;
			sourceTree = "<group>";
		};
		AA0000000000000001000410 /* Settings */ = {
			isa = PBXGroup;
			children = (
				AA0000000000000001000407 /* LegalSupportView.swift */,
			);
			path = Settings;
			sourceTree = "<group>";
		};
		AA0000000000000001000329 /* Stats */ = {
			isa = PBXGroup;
			children = (
				AA0000000000000001000324 /* PlayerStatsView.swift */,
				AA0000000000000001000326 /* HeadToHeadView.swift */,
			);
			path = Stats;
			sourceTree = "<group>";
		};
		AA000000000000000100034E /* Fonts */ = {
			isa = PBXGroup;
			children = (
				AA000000000000000100034F /* PressStart2P-Regular.ttf */,
				AA0000000000000001000350 /* VT323-Regular.ttf */,
			);
			path = Fonts;
			sourceTree = "<group>";
		};
/* End PBXGroup section */

/* Begin PBXNativeTarget section */
		AA0000000000000000000007 /* ScoreKeeper */ = {
			isa = PBXNativeTarget;
			buildConfigurationList = AA0000000000000000000008 /* Build configuration list for PBXNativeTarget "ScoreKeeper" */;
			buildPhases = (
				AA000000000000000000000B /* Sources */,
				AA000000000000000000000C /* Frameworks */,
				AA000000000000000000000D /* Resources */,
			);
			buildRules = (
			);
			dependencies = (
			);
			name = ScoreKeeper;
			productName = ScoreKeeper;
			productReference = AA000000000000000000000E /* ScoreKeeper.app */;
			productType = "com.apple.product-type.application";
		};
		AA0000000000000001000306 /* ScoreKeeperUITests */ = {
			isa = PBXNativeTarget;
			buildConfigurationList = AA0000000000000001000307 /* Build configuration list for PBXNativeTarget "ScoreKeeperUITests" */;
			buildPhases = (
				AA000000000000000100030A /* Sources */,
				AA000000000000000100030B /* Frameworks */,
				AA000000000000000100030C /* Resources */,
			);
			buildRules = (
			);
			dependencies = (
				AA000000000000000100030E /* PBXTargetDependency */,
			);
			name = ScoreKeeperUITests;
			productName = ScoreKeeperUITests;
			productReference = AA000000000000000100030F /* ScoreKeeperUITests.xctest */;
			productType = "com.apple.product-type.bundle.ui-testing";
		};
		AA000000000000000100035B /* ScoreKeeperTests */ = {
			isa = PBXNativeTarget;
			buildConfigurationList = AA000000000000000100035C /* Build configuration list for PBXNativeTarget "ScoreKeeperTests" */;
			buildPhases = (
				AA000000000000000100035D /* Sources */,
				AA0000000000000001000359 /* Frameworks */,
				AA000000000000000100035E /* Resources */,
			);
			buildRules = (
			);
			dependencies = (
				AA0000000000000001000412 /* PBXTargetDependency */,
			);
			name = ScoreKeeperTests;
			productName = ScoreKeeperTests;
			productReference = AA0000000000000001000358 /* ScoreKeeperTests.xctest */;
			productType = "com.apple.product-type.bundle.unit-test";
		};
/* End PBXNativeTarget section */

/* Begin PBXProject section */
		AA0000000000000000000001 /* Project object */ = {
			isa = PBXProject;
			attributes = {
				BuildIndependentTargetsInParallel = 1;
				LastSwiftUpdateCheck = 1600;
				LastUpgradeCheck = 2640;
				TargetAttributes = {
					AA0000000000000000000007 = {
						CreatedOnToolsVersion = 16.0;
						TestTargetID = AA0000000000000001000306;
					};
					AA0000000000000001000306 = {
						CreatedOnToolsVersion = 16.0;
						TestTargetID = AA0000000000000000000007;
					};
					AA000000000000000100035B = {
						CreatedOnToolsVersion = 27.0;
					};
				};
			};
			buildConfigurationList = AA0000000000000000000004 /* Build configuration list for PBXProject "ScoreKeeper" */;
			developmentRegion = en;
			hasScannedForEncodings = 0;
			knownRegions = (
				en,
				Base,
			);
			mainGroup = AA0000000000000000000002;
			minimizedProjectReferenceProxies = 1;
			preferredProjectObjectVersion = 77;
			productRefGroup = AA0000000000000000000003 /* Products */;
			projectDirPath = "";
			projectRoot = "";
			targets = (
				AA0000000000000000000007 /* ScoreKeeper */,
				AA000000000000000100035B /* ScoreKeeperTests */,
				AA0000000000000001000306 /* ScoreKeeperUITests */,
			);
		};
/* End PBXProject section */

/* Begin PBXResourcesBuildPhase section */
		AA000000000000000000000D /* Resources */ = {
			isa = PBXResourcesBuildPhase;
			buildActionMask = 2147483647;
			files = (
				AA0000000000000000000223 /* Assets.xcassets in Resources */,
				AA0000000000000001000336 /* PrivacyInfo.xcprivacy in Resources */,
				AA0000000000000001000351 /* PressStart2P-Regular.ttf in Resources */,
				AA0000000000000001000352 /* VT323-Regular.ttf in Resources */,
			);
			runOnlyForDeploymentPostprocessing = 0;
		};
		AA000000000000000100030C /* Resources */ = {
			isa = PBXResourcesBuildPhase;
			buildActionMask = 2147483647;
			files = (
			);
			runOnlyForDeploymentPostprocessing = 0;
		};
		AA000000000000000100035E /* Resources */ = {
			isa = PBXResourcesBuildPhase;
			buildActionMask = 2147483647;
			files = (
			);
			runOnlyForDeploymentPostprocessing = 0;
		};
/* End PBXResourcesBuildPhase section */

/* Begin PBXSourcesBuildPhase section */
		AA000000000000000000000B /* Sources */ = {
			isa = PBXSourcesBuildPhase;
			buildActionMask = 2147483647;
			files = (
				AA0000000000000000000201 /* ScoreKeeperApp.swift in Sources */,
				AA0000000000000000000202 /* ContentView.swift in Sources */,
				AA0000000000000000000203 /* GameType.swift in Sources */,
				AA0000000000000000000204 /* GameSession.swift in Sources */,
				AA0000000000000000000205 /* Player.swift in Sources */,
				AA0000000000000000000206 /* Round.swift in Sources */,
				AA0000000000000000000207 /* ScoreEntry.swift in Sources */,
				AA0000000000000000000208 /* GameEngine.swift in Sources */,
				AA0000000000000000000209 /* GenericEngine.swift in Sources */,
				AA000000000000000000020A /* Phase10Engine.swift in Sources */,
				AA000000000000000000020B /* WhatsForDinnerEngine.swift in Sources */,
				AA000000000000000000020C /* HomeView.swift in Sources */,
				AA000000000000000000020D /* GameHistoryListView.swift in Sources */,
				AA000000000000000000020E /* GamePickerView.swift in Sources */,
				AA000000000000000000020F /* PlayerSetupView.swift in Sources */,
				AA0000000000000000000210 /* GameConfigView.swift in Sources */,
				AA0000000000000000000211 /* ScoringView.swift in Sources */,
				AA0000000000000000000212 /* GenericScoringView.swift in Sources */,
				AA0000000000000001000501 /* ScoreRecognizer.swift in Sources */,
				AA0000000000000001000503 /* ScoreWritingCanvas.swift in Sources */,
				AA0000000000000001000505 /* RoundEntryDeckView.swift in Sources */,
				AA0000000000000000000213 /* Phase10ScoringView.swift in Sources */,
				AA0000000000000000000214 /* WhatsForDinnerScoringView.swift in Sources */,
				AA0000000000000000000215 /* GameOverView.swift in Sources */,
				AA0000000000000000000216 /* GameDetailView.swift in Sources */,
				AA0000000000000000000217 /* PlayerBadge.swift in Sources */,
				AA0000000000000000000218 /* ScoreCard.swift in Sources */,
				AA0000000000000000000219 /* RoundTracker.swift in Sources */,
				AA000000000000000000021A /* ScoreEntryField.swift in Sources */,
				AA000000000000000000021B /* GameTypeTile.swift in Sources */,
				AA000000000000000000021C /* AnimatedScoreChange.swift in Sources */,
				AA000000000000000000021D /* ConfettiOverlay.swift in Sources */,
				AA0000000000000001000312 /* PressableButtonStyle.swift in Sources */,
				AA000000000000000000021E /* AppTheme.swift in Sources */,
				AA000000000000000000021F /* PlayerColors.swift in Sources */,
				AA0000000000000000000220 /* AppFonts.swift in Sources */,
				AA0000000000000001000314 /* ThemeManager.swift in Sources */,
				AA0000000000000001000317 /* SavedPlayer.swift in Sources */,
				AA0000000000000001000319 /* PlayerRosterSheet.swift in Sources */,
				AA0000000000000001000321 /* PlayerStats.swift in Sources */,
				AA0000000000000001000323 /* StatsCalculator.swift in Sources */,
				AA0000000000000001000325 /* PlayerStatsView.swift in Sources */,
				AA0000000000000001000327 /* HeadToHeadView.swift in Sources */,
				AA0000000000000001000330 /* AppSurfaces.swift in Sources */,
				AA0000000000000001000331 /* ScoringComponents.swift in Sources */,
				AA0000000000000001000332 /* StandingsList.swift in Sources */,
				AA000000000000000100034C /* CupMascotView.swift in Sources */,
				AA0000000000000001000339 /* ClubhouseTheme.swift in Sources */,
				AA000000000000000100033B /* ClubhouseComponents.swift in Sources */,
				AA0000000000000001000341 /* StoreManager.swift in Sources */,
				AA0000000000000001000343 /* ReviewAskManager.swift in Sources */,
				AA0000000000000001000346 /* PaywallView.swift in Sources */,
				AA0000000000000001000401 /* GameAllowanceStorage.swift in Sources */,
				AA0000000000000001000402 /* LegalSupportView.swift in Sources */,
				AA0000000000000000000222 /* PreviewSampleData.swift in Sources */,
			);
			runOnlyForDeploymentPostprocessing = 0;
		};
		AA000000000000000100030A /* Sources */ = {
			isa = PBXSourcesBuildPhase;
			buildActionMask = 2147483647;
			files = (
				AA0000000000000001000303 /* ScoreKeeperUITests.swift in Sources */,
				AA0000000000000001000304 /* ScoreKeeperUITestsLaunchTests.swift in Sources */,
				AA0000000000000001000403 /* LegalSupportAndReviewUITests.swift in Sources */,
			);
			runOnlyForDeploymentPostprocessing = 0;
		};
		AA000000000000000100035D /* Sources */ = {
			isa = PBXSourcesBuildPhase;
			buildActionMask = 2147483647;
			files = (
				AA0000000000000001000354 /* StoreManagerStoreKitTests.swift in Sources */,
				AA000000000000000100040B /* TargetScoreEngineTests.swift in Sources */,
				AA0000000000000001000413 /* ScoreRecognizerTests.swift in Sources */,
			);
			runOnlyForDeploymentPostprocessing = 0;
		};
/* End PBXSourcesBuildPhase section */

/* Begin PBXTargetDependency section */
		AA000000000000000100030E /* PBXTargetDependency */ = {
			isa = PBXTargetDependency;
			target = AA0000000000000000000007 /* ScoreKeeper */;
			targetProxy = AA000000000000000100030D /* PBXContainerItemProxy */;
		};
		AA0000000000000001000412 /* PBXTargetDependency */ = {
			isa = PBXTargetDependency;
			target = AA0000000000000000000007 /* ScoreKeeper */;
			targetProxy = AA0000000000000001000411 /* PBXContainerItemProxy */;
		};
/* End PBXTargetDependency section */

/* Begin XCBuildConfiguration section */
		AA0000000000000000000005 /* Debug */ = {
			isa = XCBuildConfiguration;
			buildSettings = {
				ALWAYS_SEARCH_USER_PATHS = NO;
				ASSETCATALOG_COMPILER_GENERATE_SWIFT_ASSET_SYMBOL_EXTENSIONS = YES;
				CLANG_ANALYZER_NONNULL = YES;
				CLANG_ANALYZER_NUMBER_OBJECT_CONVERSION = YES_AGGRESSIVE;
				CLANG_CXX_LANGUAGE_STANDARD = "gnu++20";
				CLANG_ENABLE_MODULES = YES;
				CLANG_ENABLE_OBJC_ARC = YES;
				CLANG_ENABLE_OBJC_WEAK = YES;
				CLANG_WARN_BLOCK_CAPTURE_AUTORELEASING = YES;
				CLANG_WARN_BOOL_CONVERSION = YES;
				CLANG_WARN_COMMA = YES;
				CLANG_WARN_CONSTANT_CONVERSION = YES;
				CLANG_WARN_DEPRECATED_OBJC_IMPLEMENTATIONS = YES;
				CLANG_WARN_DIRECT_OBJC_ISA_USAGE = YES_ERROR;
				CLANG_WARN_DOCUMENTATION_COMMENTS = YES;
				CLANG_WARN_EMPTY_BODY = YES;
				CLANG_WARN_ENUM_CONVERSION = YES;
				CLANG_WARN_INFINITE_RECURSION = YES;
				CLANG_WARN_INT_CONVERSION = YES;
				CLANG_WARN_NON_LITERAL_NULL_CONVERSION = YES;
				CLANG_WARN_OBJC_IMPLICIT_RETAIN_SELF = YES;
				CLANG_WARN_OBJC_LITERAL_CONVERSION = YES;
				CLANG_WARN_OBJC_ROOT_CLASS = YES_ERROR;
				CLANG_WARN_QUOTED_INCLUDE_IN_FRAMEWORK_HEADER = YES;
				CLANG_WARN_RANGE_LOOP_ANALYSIS = YES;
				CLANG_WARN_STRICT_PROTOTYPES = YES;
				CLANG_WARN_SUSPICIOUS_MOVE = YES;
				CLANG_WARN_UNGUARDED_AVAILABILITY = YES_AGGRESSIVE;
				CLANG_WARN_UNREACHABLE_CODE = YES;
				CLANG_WARN__DUPLICATE_METHOD_MATCH = YES;
				COPY_PHASE_STRIP = NO;
				DEBUG_INFORMATION_FORMAT = dwarf;
				DEVELOPMENT_TEAM = 4JRB53LG5C;
				ENABLE_STRICT_OBJC_MSGSEND = YES;
				ENABLE_TESTABILITY = YES;
				ENABLE_USER_SCRIPT_SANDBOXING = YES;
				GCC_C_LANGUAGE_STANDARD = gnu17;
				GCC_DYNAMIC_NO_PIC = NO;
				GCC_NO_COMMON_BLOCKS = YES;
				GCC_OPTIMIZATION_LEVEL = 0;
				GCC_PREPROCESSOR_DEFINITIONS = (
					"DEBUG=1",
					"$(inherited)",
				);
				GCC_WARN_64_TO_32_BIT_CONVERSION = YES;
				GCC_WARN_ABOUT_RETURN_TYPE = YES_ERROR;
				GCC_WARN_UNDECLARED_SELECTOR = YES;
				GCC_WARN_UNINITIALIZED_AUTOS = YES_AGGRESSIVE;
				GCC_WARN_UNUSED_FUNCTION = YES;
				GCC_WARN_UNUSED_VARIABLE = YES;
				IPHONEOS_DEPLOYMENT_TARGET = 26.0;
				LOCALIZATION_PREFERS_STRING_CATALOGS = YES;
				MTL_ENABLE_DEBUG_INFO = INCLUDE_SOURCE;
				MTL_FAST_MATH = YES;
				ONLY_ACTIVE_ARCH = YES;
				SDKROOT = iphoneos;
				STRING_CATALOG_GENERATE_SYMBOLS = YES;
				SWIFT_ACTIVE_COMPILATION_CONDITIONS = "DEBUG $(inherited)";
				SWIFT_OPTIMIZATION_LEVEL = "-Onone";
			};
			name = Debug;
		};
		AA0000000000000000000006 /* Release */ = {
			isa = XCBuildConfiguration;
			buildSettings = {
				ALWAYS_SEARCH_USER_PATHS = NO;
				ASSETCATALOG_COMPILER_GENERATE_SWIFT_ASSET_SYMBOL_EXTENSIONS = YES;
				CLANG_ANALYZER_NONNULL = YES;
				CLANG_ANALYZER_NUMBER_OBJECT_CONVERSION = YES_AGGRESSIVE;
				CLANG_CXX_LANGUAGE_STANDARD = "gnu++20";
				CLANG_ENABLE_MODULES = YES;
				CLANG_ENABLE_OBJC_ARC = YES;
				CLANG_ENABLE_OBJC_WEAK = YES;
				CLANG_WARN_BLOCK_CAPTURE_AUTORELEASING = YES;
				CLANG_WARN_BOOL_CONVERSION = YES;
				CLANG_WARN_COMMA = YES;
				CLANG_WARN_CONSTANT_CONVERSION = YES;
				CLANG_WARN_DEPRECATED_OBJC_IMPLEMENTATIONS = YES;
				CLANG_WARN_DIRECT_OBJC_ISA_USAGE = YES_ERROR;
				CLANG_WARN_DOCUMENTATION_COMMENTS = YES;
				CLANG_WARN_EMPTY_BODY = YES;
				CLANG_WARN_ENUM_CONVERSION = YES;
				CLANG_WARN_INFINITE_RECURSION = YES;
				CLANG_WARN_INT_CONVERSION = YES;
				CLANG_WARN_NON_LITERAL_NULL_CONVERSION = YES;
				CLANG_WARN_OBJC_IMPLICIT_RETAIN_SELF = YES;
				CLANG_WARN_OBJC_LITERAL_CONVERSION = YES;
				CLANG_WARN_OBJC_ROOT_CLASS = YES_ERROR;
				CLANG_WARN_QUOTED_INCLUDE_IN_FRAMEWORK_HEADER = YES;
				CLANG_WARN_RANGE_LOOP_ANALYSIS = YES;
				CLANG_WARN_STRICT_PROTOTYPES = YES;
				CLANG_WARN_SUSPICIOUS_MOVE = YES;
				CLANG_WARN_UNGUARDED_AVAILABILITY = YES_AGGRESSIVE;
				CLANG_WARN_UNREACHABLE_CODE = YES;
				CLANG_WARN__DUPLICATE_METHOD_MATCH = YES;
				COPY_PHASE_STRIP = NO;
				DEBUG_INFORMATION_FORMAT = "dwarf-with-dsym";
				DEVELOPMENT_TEAM = 4JRB53LG5C;
				ENABLE_NS_ASSERTIONS = NO;
				ENABLE_STRICT_OBJC_MSGSEND = YES;
				ENABLE_USER_SCRIPT_SANDBOXING = YES;
				GCC_C_LANGUAGE_STANDARD = gnu17;
				GCC_NO_COMMON_BLOCKS = YES;
				GCC_WARN_64_TO_32_BIT_CONVERSION = YES;
				GCC_WARN_ABOUT_RETURN_TYPE = YES_ERROR;
				GCC_WARN_UNDECLARED_SELECTOR = YES;
				GCC_WARN_UNINITIALIZED_AUTOS = YES_AGGRESSIVE;
				GCC_WARN_UNUSED_FUNCTION = YES;
				GCC_WARN_UNUSED_VARIABLE = YES;
				IPHONEOS_DEPLOYMENT_TARGET = 26.0;
				LOCALIZATION_PREFERS_STRING_CATALOGS = YES;
				MTL_ENABLE_DEBUG_INFO = NO;
				MTL_FAST_MATH = YES;
				SDKROOT = iphoneos;
				STRING_CATALOG_GENERATE_SYMBOLS = YES;
				SWIFT_COMPILATION_MODE = wholemodule;
				VALIDATE_PRODUCT = YES;
			};
			name = Release;
		};
		AA0000000000000000000009 /* Debug */ = {
			isa = XCBuildConfiguration;
			buildSettings = {
				ASSETCATALOG_COMPILER_APPICON_NAME = AppIcon;
				ASSETCATALOG_COMPILER_GLOBAL_ACCENT_COLOR_NAME = AccentColor;
				CODE_SIGN_IDENTITY = "-";
				"CODE_SIGN_IDENTITY[sdk=iphoneos*]" = "Apple Development";
				CODE_SIGN_STYLE = Automatic;
				CURRENT_PROJECT_VERSION = 10;
				DEVELOPMENT_ASSET_PATHS = "\"ScoreKeeper/Preview Content\"";
				DEVELOPMENT_TEAM = 4JRB53LG5C;
				ENABLE_PREVIEWS = YES;
				GENERATE_INFOPLIST_FILE = YES;
				INFOPLIST_FILE = ScoreKeeper/Info.plist;
				INFOPLIST_KEY_CFBundleDisplayName = PipCount;
				INFOPLIST_KEY_ITSAppUsesNonExemptEncryption = NO;
				INFOPLIST_KEY_UIApplicationSceneManifest_Generation = YES;
				INFOPLIST_KEY_UIApplicationSupportsIndirectInputEvents = YES;
				INFOPLIST_KEY_UILaunchScreen_Generation = YES;
				INFOPLIST_KEY_UISupportedInterfaceOrientations_iPad = "UIInterfaceOrientationPortrait UIInterfaceOrientationPortraitUpsideDown UIInterfaceOrientationLandscapeLeft UIInterfaceOrientationLandscapeRight";
				INFOPLIST_KEY_UISupportedInterfaceOrientations_iPhone = UIInterfaceOrientationPortrait;
				LD_RUNPATH_SEARCH_PATHS = (
					"$(inherited)",
					"@executable_path/Frameworks",
				);
				MARKETING_VERSION = 1.0;
				PRODUCT_BUNDLE_IDENTIFIER = com.icequeen.scorekeeper;
				PRODUCT_NAME = "$(TARGET_NAME)";
				PROVISIONING_PROFILE_SPECIFIER = "";
				SUPPORTED_PLATFORMS = "iphoneos iphonesimulator";
				SUPPORTS_MACCATALYST = NO;
				SWIFT_EMIT_LOC_STRINGS = YES;
				SWIFT_VERSION = 6.0;
				TARGETED_DEVICE_FAMILY = "1,2";
			};
			name = Debug;
		};
		AA000000000000000000000A /* Release */ = {
			isa = XCBuildConfiguration;
			buildSettings = {
				ASSETCATALOG_COMPILER_APPICON_NAME = AppIcon;
				ASSETCATALOG_COMPILER_GLOBAL_ACCENT_COLOR_NAME = AccentColor;
				"CODE_SIGN_IDENTITY[sdk=iphoneos*]" = "Apple Distribution";
				CODE_SIGN_STYLE = Manual;
				CURRENT_PROJECT_VERSION = 10;
				DEVELOPMENT_ASSET_PATHS = "\"ScoreKeeper/Preview Content\"";
				DEVELOPMENT_TEAM = 4JRB53LG5C;
				ENABLE_PREVIEWS = YES;
				GENERATE_INFOPLIST_FILE = YES;
				INFOPLIST_FILE = ScoreKeeper/Info.plist;
				INFOPLIST_KEY_CFBundleDisplayName = PipCount;
				INFOPLIST_KEY_ITSAppUsesNonExemptEncryption = NO;
				INFOPLIST_KEY_UIApplicationSceneManifest_Generation = YES;
				INFOPLIST_KEY_UIApplicationSupportsIndirectInputEvents = YES;
				INFOPLIST_KEY_UILaunchScreen_Generation = YES;
				INFOPLIST_KEY_UISupportedInterfaceOrientations_iPad = "UIInterfaceOrientationPortrait UIInterfaceOrientationPortraitUpsideDown UIInterfaceOrientationLandscapeLeft UIInterfaceOrientationLandscapeRight";
				INFOPLIST_KEY_UISupportedInterfaceOrientations_iPhone = UIInterfaceOrientationPortrait;
				LD_RUNPATH_SEARCH_PATHS = (
					"$(inherited)",
					"@executable_path/Frameworks",
				);
				MARKETING_VERSION = 1.0;
				PRODUCT_BUNDLE_IDENTIFIER = com.icequeen.scorekeeper;
				PRODUCT_NAME = "$(TARGET_NAME)";
				PROVISIONING_PROFILE_SPECIFIER = "ScoreKeeper App Store Build 3";
				SUPPORTED_PLATFORMS = "iphoneos iphonesimulator";
				SUPPORTS_MACCATALYST = NO;
				SWIFT_EMIT_LOC_STRINGS = YES;
				SWIFT_VERSION = 6.0;
				TARGETED_DEVICE_FAMILY = "1,2";
			};
			name = Release;
		};
		AA0000000000000001000308 /* Debug */ = {
			isa = XCBuildConfiguration;
			buildSettings = {
				CODE_SIGN_STYLE = Automatic;
				CURRENT_PROJECT_VERSION = 1;
				GENERATE_INFOPLIST_FILE = YES;
				IPHONEOS_DEPLOYMENT_TARGET = 26.0;
				MARKETING_VERSION = 1.0;
				PRODUCT_BUNDLE_IDENTIFIER = com.icequeen.scorekeeper.tests;
				PRODUCT_NAME = "$(TARGET_NAME)";
				SUPPORTED_PLATFORMS = "iphoneos iphonesimulator";
				SWIFT_VERSION = 6.0;
				TARGETED_DEVICE_FAMILY = "1,2";
				TEST_TARGET_NAME = ScoreKeeper;
			};
			name = Debug;
		};
		AA0000000000000001000309 /* Release */ = {
			isa = XCBuildConfiguration;
			buildSettings = {
				CODE_SIGN_STYLE = Automatic;
				CURRENT_PROJECT_VERSION = 1;
				GENERATE_INFOPLIST_FILE = YES;
				IPHONEOS_DEPLOYMENT_TARGET = 26.0;
				MARKETING_VERSION = 1.0;
				PRODUCT_BUNDLE_IDENTIFIER = com.icequeen.scorekeeper.tests;
				PRODUCT_NAME = "$(TARGET_NAME)";
				SUPPORTED_PLATFORMS = "iphoneos iphonesimulator";
				SWIFT_VERSION = 6.0;
				TARGETED_DEVICE_FAMILY = "1,2";
				TEST_TARGET_NAME = ScoreKeeper;
			};
			name = Release;
		};
		AA0000000000000001000360 /* Debug */ = {
			isa = XCBuildConfiguration;
			buildSettings = {
				CODE_SIGN_STYLE = Automatic;
				CURRENT_PROJECT_VERSION = 1;
				GENERATE_INFOPLIST_FILE = YES;
				IPHONEOS_DEPLOYMENT_TARGET = 26.0;
				MARKETING_VERSION = 1.0;
				PRODUCT_BUNDLE_IDENTIFIER = "com.icequeen.scorekeeper.unit-tests";
				PRODUCT_NAME = "$(TARGET_NAME)";
				SUPPORTED_PLATFORMS = "iphoneos iphonesimulator";
				SWIFT_VERSION = 6.0;
				TARGETED_DEVICE_FAMILY = "1,2";
				TEST_TARGET_NAME = ScoreKeeper;
				BUNDLE_LOADER = "$(BUILT_PRODUCTS_DIR)/ScoreKeeper.app/ScoreKeeper";
				TEST_HOST = "$(BUNDLE_LOADER)";
			};
			name = Debug;
		};
		AA0000000000000001000361 /* Release */ = {
			isa = XCBuildConfiguration;
			buildSettings = {
				CODE_SIGN_STYLE = Automatic;
				CURRENT_PROJECT_VERSION = 1;
				GENERATE_INFOPLIST_FILE = YES;
				IPHONEOS_DEPLOYMENT_TARGET = 26.0;
				MARKETING_VERSION = 1.0;
				PRODUCT_BUNDLE_IDENTIFIER = "com.icequeen.scorekeeper.unit-tests";
				PRODUCT_NAME = "$(TARGET_NAME)";
				SUPPORTED_PLATFORMS = "iphoneos iphonesimulator";
				SWIFT_VERSION = 6.0;
				TARGETED_DEVICE_FAMILY = "1,2";
				TEST_TARGET_NAME = ScoreKeeper;
				BUNDLE_LOADER = "$(BUILT_PRODUCTS_DIR)/ScoreKeeper.app/ScoreKeeper";
				TEST_HOST = "$(BUNDLE_LOADER)";
			};
			name = Release;
		};
/* End XCBuildConfiguration section */

/* Begin XCConfigurationList section */
		AA0000000000000000000004 /* Build configuration list for PBXProject "ScoreKeeper" */ = {
			isa = XCConfigurationList;
			buildConfigurations = (
				AA0000000000000000000005 /* Debug */,
				AA0000000000000000000006 /* Release */,
			);
			defaultConfigurationIsVisible = 0;
			defaultConfigurationName = Release;
		};
		AA0000000000000000000008 /* Build configuration list for PBXNativeTarget "ScoreKeeper" */ = {
			isa = XCConfigurationList;
			buildConfigurations = (
				AA0000000000000000000009 /* Debug */,
				AA000000000000000000000A /* Release */,
			);
			defaultConfigurationIsVisible = 0;
			defaultConfigurationName = Release;
		};
		AA0000000000000001000307 /* Build configuration list for PBXNativeTarget "ScoreKeeperUITests" */ = {
			isa = XCConfigurationList;
			buildConfigurations = (
				AA0000000000000001000308 /* Debug */,
				AA0000000000000001000309 /* Release */,
			);
			defaultConfigurationIsVisible = 0;
			defaultConfigurationName = Release;
		};
		AA000000000000000100035C /* Build configuration list for PBXNativeTarget "ScoreKeeperTests" */ = {
			isa = XCConfigurationList;
			buildConfigurations = (
				AA0000000000000001000360 /* Debug */,
				AA0000000000000001000361 /* Release */,
			);
			defaultConfigurationIsVisible = 0;
			defaultConfigurationName = Release;
		};
/* End XCConfigurationList section */
	};
	rootObject = AA0000000000000000000001 /* Project object */;
}
